
Microsoft Visual Studio Solution File, Format Version 12.00
# Visual Studio Version 16
VisualStudioVersion = 16.0.30804.86
MinimumVisualStudioVersion = 10.0.40219.1
Project("{FAE04EC0-301F-11D3-BF4B-00C04F79EFBC}") = "ITEA-Homework9v2", "ITEA-Homework9v2.csproj", "{762B2599-B51A-4DCB-9626-35AFBE50F78D}"
EndProject
Global
	GlobalSection(SolutionConfigurationPlatforms) = preSolution
		Debug|Any CPU = Debug|Any CPU
		Release|Any CPU = Release|Any CPU
	EndGlobalSection
	GlobalSection(ProjectConfigurationPlatforms) = postSolution
		{762B2599-B51A-4DCB-9626-35AFBE50F78D}.Debug|Any CPU.ActiveCfg = Debug|Any CPU
		{762B2599-B51A-4DCB-9626-35AFBE50F78D}.Debug|Any CPU.Build.0 = Debug|Any CPU
		{762B2599-B51A-4DCB-9626-35AFBE50F78D}.Release|Any CPU.ActiveCfg = Release|Any CPU
		{762B2599-B51A-4DCB-9626-35AFBE50F78D}.Release|Any CPU.Build.0 = Release|Any CPU
	EndGlobalSection
	GlobalSection(SolutionProperties) = preSolution
		HideSolutionNode = FALSE
	EndGlobalSection
	GlobalSection(ExtensibilityGlobals) = postSolution
		SolutionGuid = {1908C601-0690-4A8D-847F-C98D86E2F273}
	EndGlobalSection
EndGlobal
